
Microsoft Visual Studio Solution File, Format Version 12.00
# Visual Studio Version 17
VisualStudioVersion = 17.4.33122.133
MinimumVisualStudioVersion = 10.0.40219.1
Project("{FAE04EC0-301F-11D3-BF4B-00C04F79EFBC}") = "Aula8dez", "Aula8dez.csproj", "{3E818398-BC77-4C0D-9FC2-FBE3CE54795F}"
EndProject
Global
	GlobalSection(SolutionConfigurationPlatforms) = preSolution
		Debug|Any CPU = Debug|Any CPU
		Release|Any CPU = Release|Any CPU
	EndGlobalSection
	GlobalSection(ProjectConfigurationPlatforms) = postSolution
		{3E818398-BC77-4C0D-9FC2-FBE3CE54795F}.Debug|Any CPU.ActiveCfg = Debug|Any CPU
		{3E818398-BC77-4C0D-9FC2-FBE3CE54795F}.Debug|Any CPU.Build.0 = Debug|Any CPU
		{3E818398-BC77-4C0D-9FC2-FBE3CE54795F}.Release|Any CPU.ActiveCfg = Release|Any CPU
		{3E818398-BC77-4C0D-9FC2-FBE3CE54795F}.Release|Any CPU.Build.0 = Release|Any CPU
	EndGlobalSection
	GlobalSection(SolutionProperties) = preSolution
		HideSolutionNode = FALSE
	EndGlobalSection
	GlobalSection(ExtensibilityGlobals) = postSolution
		SolutionGuid = {067E501C-3617-4A2B-8C37-07E3DA769D2E}
	EndGlobalSection
EndGlobal
